
Microsoft Visual Studio Solution File, Format Version 12.00
# Visual Studio Version 16
VisualStudioVersion = 16.0.31702.278
MinimumVisualStudioVersion = 10.0.40219.1
Project("{FAE04EC0-301F-11D3-BF4B-00C04F79EFBC}") = "WebAPI", "WebAPI\WebAPI.csproj", "{1E73CC67-52FB-4DB4-BE1A-A8FE8A6DBF26}"
EndProject
Project("{E53339B2-1760-4266-BCC7-CA923CBCF16C}") = "docker-compose", "docker-compose.dcproj", "{CFAD3FB4-D9C5-4A29-9366-4504C32528FD}"
EndProject
Global
	GlobalSection(SolutionConfigurationPlatforms) = preSolution
		Debug|Any CPU = Debug|Any CPU
		Release|Any CPU = Release|Any CPU
	EndGlobalSection
	GlobalSection(ProjectConfigurationPlatforms) = postSolution
		{1E73CC67-52FB-4DB4-BE1A-A8FE8A6DBF26}.Debug|Any CPU.ActiveCfg = Debug|Any CPU
		{1E73CC67-52FB-4DB4-BE1A-A8FE8A6DBF26}.Debug|Any CPU.Build.0 = Debug|Any CPU
		{1E73CC67-52FB-4DB4-BE1A-A8FE8A6DBF26}.Release|Any CPU.ActiveCfg = Release|Any CPU
		{1E73CC67-52FB-4DB4-BE1A-A8FE8A6DBF26}.Release|Any CPU.Build.0 = Release|Any CPU
		{CFAD3FB4-D9C5-4A29-9366-4504C32528FD}.Debug|Any CPU.ActiveCfg = Debug|Any CPU
		{CFAD3FB4-D9C5-4A29-9366-4504C32528FD}.Debug|Any CPU.Build.0 = Debug|Any CPU
		{CFAD3FB4-D9C5-4A29-9366-4504C32528FD}.Release|Any CPU.ActiveCfg = Release|Any CPU
		{CFAD3FB4-D9C5-4A29-9366-4504C32528FD}.Release|Any CPU.Build.0 = Release|Any CPU
	EndGlobalSection
	GlobalSection(SolutionProperties) = preSolution
		HideSolutionNode = FALSE
	EndGlobalSection
	GlobalSection(ExtensibilityGlobals) = postSolution
		SolutionGuid = {7CB6752E-69CC-4348-92C1-A61CF7F3CB62}
	EndGlobalSection
EndGlobal
